PODS:
  - FMDB (2.7.5):
    - FMDB/standard (= 2.7.5)
  - FMDB/standard (2.7.5)
  - KerfuSDK (0.0.1.21):
    - FMDB
    - Protobuf
  - Protobuf (3.6.1)

DEPENDENCIES:
  - KerfuSDK

SPEC REPOS:
  https://github.com/cocoapods/specs.git:
    - FMDB
    - KerfuSDK
    - Protobuf

SPEC CHECKSUMS:
  FMDB: 2ce00b547f966261cd18927a3ddb07cb6f3db82a
  KerfuSDK: 54b79a0616075eda8c4b3a9c6162bb3b57f91946
  Protobuf: 1eb9700044745f00181c136ef21b8ff3ad5a0fd5

PODFILE CHECKSUM: 4afe5f62535fbccdeb3705e8d655076ad9c64a8d

COCOAPODS: 1.6.0.beta.2
