// !$*UTF8*$!
{
	archiveVersion = 1;
	classes = {
	};
	objectVersion = 50;
	objects = {

/* Begin PBXBuildFile section */
		A3B5492B21B21F71003DF20A /* AppDelegate.m in Sources */ = {isa = PBXBuildFile; fileRef = A3B5492A21B21F71003DF20A /* AppDelegate.m */; };
		A3B5492E21B21F71003DF20A /* ViewController.m in Sources */ = {isa = PBXBuildFile; fileRef = A3B5492D21B21F71003DF20A /* ViewController.m */; };
		A3B5493121B21F71003DF20A /* Main.storyboard in Resources */ = {isa = PBXBuildFile; fileRef = A3B5492F21B21F71003DF20A /* Main.storyboard */; };
		A3B5493321B21F72003DF20A /* Assets.xcassets in Resources */ = {isa = PBXBuildFile; fileRef = A3B5493221B21F72003DF20A /* Assets.xcassets */; };
		A3B5493621B21F72003DF20A /* LaunchScreen.storyboard in Resources */ = {isa = PBXBuildFile; fileRef = A3B5493421B21F72003DF20A /* LaunchScreen.storyboard */; };
		A3B5493921B21F72003DF20A /* main.m in Sources */ = {isa = PBXBuildFile; fileRef = A3B5493821B21F72003DF20A /* main.m */; };
		F9649251AAD73565ABDC489A /* libPods-NaturaliSDKDemo.a in Frameworks */ = {isa = PBXBuildFile; fileRef = 42FE22A193889A01F133FD8A /* libPods-NaturaliSDKDemo.a */; };
/* End PBXBuildFile section */

/* Begin PBXFileReference section */
		172036F7CF1452FB01B0F626 /* Pods-NaturaliSDKDemo.debug.xcconfig */ = {isa = PBXFileReference; includeInIndex = 1; lastKnownFileType = text.xcconfig; name = "Pods-NaturaliSDKDemo.debug.xcconfig"; path = "Pods/Target Support Files/Pods-NaturaliSDKDemo/Pods-NaturaliSDKDemo.debug.xcconfig"; sourceTree = "<group>"; };
		235F5DF341159DA12DE5A73B /* Pods-NaturaliSDKDemo.release.xcconfig */ = {isa = PBXFileReference; includeInIndex = 1; lastKnownFileType = text.xcconfig; name = "Pods-NaturaliSDKDemo.release.xcconfig"; path = "Pods/Target Support Files/Pods-NaturaliSDKDemo/Pods-NaturaliSDKDemo.release.xcconfig"; sourceTree = "<group>"; };
		42FE22A193889A01F133FD8A /* libPods-NaturaliSDKDemo.a */ = {isa = PBXFileReference; explicitFileType = archive.ar; includeInIndex = 0; path = "libPods-NaturaliSDKDemo.a"; sourceTree = BUILT_PRODUCTS_DIR; };
		A3B5492621B21F71003DF20A /* NaturaliSDKDemo.app */ = {isa = PBXFileReference; explicitFileType = wrapper.application; includeInIndex = 0; path = NaturaliSDKDemo.app; sourceTree = BUILT_PRODUCTS_DIR; };
		A3B5492921B21F71003DF20A /* AppDelegate.h */ = {isa = PBXFileReference; lastKnownFileType = sourcecode.c.h; path = AppDelegate.h; sourceTree = "<group>"; };
		A3B5492A21B21F71003DF20A /* AppDelegate.m */ = {isa = PBXFileReference; lastKnownFileType = sourcecode.c.objc; path = AppDelegate.m; sourceTree = "<group>"; };
		A3B5492C21B21F71003DF20A /* ViewController.h */ = {isa = PBXFileReference; lastKnownFileType = sourcecode.c.h; path = ViewController.h; sourceTree = "<group>"; };
		A3B5492D21B21F71003DF20A /* ViewController.m */ = {isa = PBXFileReference; lastKnownFileType = sourcecode.c.objc; path = ViewController.m; sourceTree = "<group>"; };
		A3B5493021B21F71003DF20A /* Base */ = {isa = PBXFileReference; lastKnownFileType = file.storyboard; name = Base; path = Base.lproj/Main.storyboard; sourceTree = "<group>"; };
		A3B5493221B21F72003DF20A /* Assets.xcassets */ = {isa = PBXFileReference; lastKnownFileType = folder.assetcatalog; path = Assets.xcassets; sourceTree = "<group>"; };
		A3B5493521B21F72003DF20A /* Base */ = {isa = PBXFileReference; lastKnownFileType = file.storyboard; name = Base; path = Base.lproj/LaunchScreen.storyboard; sourceTree = "<group>"; };
		A3B5493721B21F72003DF20A /* Info.plist */ = {isa = PBXFileReference; lastKnownFileType = text.plist.xml; path = Info.plist; sourceTree = "<group>"; };
		A3B5493821B21F72003DF20A /* main.m */ = {isa = PBXFileReference; lastKnownFileType = sourcecode.c.objc; path = main.m; sourceTree = "<group>"; };
/* End PBXFileReference section */

/* Begin PBXFrameworksBuildPhase section */
		A3B5492321B21F71003DF20A /* Frameworks */ = {
			isa = PBXFrameworksBuildPhase;
			buildActionMask = 2147483647;
			files = (
				F9649251AAD73565ABDC489A /* libPods-NaturaliSDKDemo.a in Frameworks */,
			);
			runOnlyForDeploymentPostprocessing = 0;
		};
/* End PBXFrameworksBuildPhase section */

/* Begin PBXGroup section */
		910A57C18F2E26C94D854E3F /* Pods */ = {
			isa = PBXGroup;
			children = (
				172036F7CF1452FB01B0F626 /* Pods-NaturaliSDKDemo.debug.xcconfig */,
				235F5DF341159DA12DE5A73B /* Pods-NaturaliSDKDemo.release.xcconfig */,
			);
			name = Pods;
			sourceTree = "<group>";
		};
		A3B5491D21B21F71003DF20A = {
			isa = PBXGroup;
			children = (
				A3B5492821B21F71003DF20A /* NaturaliSDKDemo */,
				A3B5492721B21F71003DF20A /* Products */,
				910A57C18F2E26C94D854E3F /* Pods */,
				F25CBD9EF815DFF3477E6E2B /* Frameworks */,
			);
			sourceTree = "<group>";
		};
		A3B5492721B21F71003DF20A /* Products */ = {
			isa = PBXGroup;
			children = (
				A3B5492621B21F71003DF20A /* NaturaliSDKDemo.app */,
			);
			name = Products;
			sourceTree = "<group>";
		};
		A3B5492821B21F71003DF20A /* NaturaliSDKDemo */ = {
			isa = PBXGroup;
			children = (
				A3B5492921B21F71003DF20A /* AppDelegate.h */,
				A3B5492A21B21F71003DF20A /* AppDelegate.m */,
				A3B5492C21B21F71003DF20A /* ViewController.h */,
				A3B5492D21B21F71003DF20A /* ViewController.m */,
				A3B5492F21B21F71003DF20A /* Main.storyboard */,
				A3B5493221B21F72003DF20A /* Assets.xcassets */,
				A3B5493421B21F72003DF20A /* LaunchScreen.storyboard */,
				A3B5493721B21F72003DF20A /* Info.plist */,
				A3B5493821B21F72003DF20A /* main.m */,
			);
			path = NaturaliSDKDemo;
			sourceTree = "<group>";
		};
		F25CBD9EF815DFF3477E6E2B /* Frameworks */ = {
			isa = PBXGroup;
			children = (
				42FE22A193889A01F133FD8A /* libPods-NaturaliSDKDemo.a */,
			);
			name = Frameworks;
			sourceTree = "<group>";
		};
/* End PBXGroup section */

/* Begin PBXNativeTarget section */
		A3B5492521B21F71003DF20A /* NaturaliSDKDemo */ = {
			isa = PBXNativeTarget;
			buildConfigurationList = A3B5493C21B21F72003DF20A /* Build configuration list for PBXNativeTarget "NaturaliSDKDemo" */;
			buildPhases = (
				8B92A46BC5641A3F5C4B9AE3 /* [CP] Check Pods Manifest.lock */,
				A3B5492221B21F71003DF20A /* Sources */,
				A3B5492321B21F71003DF20A /* Frameworks */,
				A3B5492421B21F71003DF20A /* Resources */,
			);
			buildRules = (
			);
			dependencies = (
			);
			name = NaturaliSDKDemo;
			productName = NaturaliSDKDemo;
			productReference = A3B5492621B21F71003DF20A /* NaturaliSDKDemo.app */;
			productType = "com.apple.product-type.application";
		};
/* End PBXNativeTarget section */

/* Begin PBXProject section */
		A3B5491E21B21F71003DF20A /* Project object */ = {
			isa = PBXProject;
			attributes = {
				LastUpgradeCheck = 1010;
				ORGANIZATIONNAME = Naturali;
				TargetAttributes = {
					A3B5492521B21F71003DF20A = {
						CreatedOnToolsVersion = 10.1;
					};
				};
			};
			buildConfigurationList = A3B5492121B21F71003DF20A /* Build configuration list for PBXProject "NaturaliSDKDemo" */;
			compatibilityVersion = "Xcode 9.3";
			developmentRegion = en;
			hasScannedForEncodings = 0;
			knownRegions = (
				en,
				Base,
			);
			mainGroup = A3B5491D21B21F71003DF20A;
			productRefGroup = A3B5492721B21F71003DF20A /* Products */;
			projectDirPath = "";
			projectRoot = "";
			targets = (
				A3B5492521B21F71003DF20A /* NaturaliSDKDemo */,
			);
		};
/* End PBXProject section */

/* Begin PBXResourcesBuildPhase section */
		A3B5492421B21F71003DF20A /* Resources */ = {
			isa = PBXResourcesBuildPhase;
			buildActionMask = 2147483647;
			files = (
				A3B5493621B21F72003DF20A /* LaunchScreen.storyboard in Resources */,
				A3B5493321B21F72003DF20A /* Assets.xcassets in Resources */,
				A3B5493121B21F71003DF20A /* Main.storyboard in Resources */,
			);
			runOnlyForDeploymentPostprocessing = 0;
		};
/* End PBXResourcesBuildPhase section */

/* Begin PBXShellScriptBuildPhase section */
		8B92A46BC5641A3F5C4B9AE3 /* [CP] Check Pods Manifest.lock */ = {
			isa = PBXShellScriptBuildPhase;
			buildActionMask = 2147483647;
			files = (
			);
			inputFileListPaths = (
			);
			inputPaths = (
				"${PODS_PODFILE_DIR_PATH}/Podfile.lock",
				"${PODS_ROOT}/Manifest.lock",
			);
			name = "[CP] Check Pods Manifest.lock";
			outputFileListPaths = (
			);
			outputPaths = (
				"$(DERIVED_FILE_DIR)/Pods-NaturaliSDKDemo-checkManifestLockResult.txt",
			);
			runOnlyForDeploymentPostprocessing = 0;
			shellPath = /bin/sh;
			shellScript = "diff \"${PODS_PODFILE_DIR_PATH}/Podfile.lock\" \"${PODS_ROOT}/Manifest.lock\" > /dev/null\nif [ $? != 0 ] ; then\n    # print error to STDERR\n    echo \"error: The sandbox is not in sync with the Podfile.lock. Run 'pod install' or update your CocoaPods installation.\" >&2\n    exit 1\nfi\n# This output is used by Xcode 'outputs' to avoid re-running this script phase.\necho \"SUCCESS\" > \"${SCRIPT_OUTPUT_FILE_0}\"\n";
			showEnvVarsInLog = 0;
		};
/* End PBXShellScriptBuildPhase section */

/* Begin PBXSourcesBuildPhase section */
		A3B5492221B21F71003DF20A /* Sources */ = {
			isa = PBXSourcesBuildPhase;
			buildActionMask = 2147483647;
			files = (
				A3B5492E21B21F71003DF20A /* ViewController.m in Sources */,
				A3B5493921B21F72003DF20A /* main.m in Sources */,
				A3B5492B21B21F71003DF20A /* AppDelegate.m in Sources */,
			);
			runOnlyForDeploymentPostprocessing = 0;
		};
/* End PBXSourcesBuildPhase section */

/* Begin PBXVariantGroup section */
		A3B5492F21B21F71003DF20A /* Main.storyboard */ = {
			isa = PBXVariantGroup;
			children = (
				A3B5493021B21F71003DF20A /* Base */,
			);
			name = Main.storyboard;
			sourceTree = "<group>";
		};
		A3B5493421B21F72003DF20A /* LaunchScreen.storyboard */ = {
			isa = PBXVariantGroup;
			children = (
				A3B5493521B21F72003DF20A /* Base */,
			);
			name = LaunchScreen.storyboard;
			sourceTree = "<group>";
		};
/* End PBXVariantGroup section */

/* Begin XCBuildConfiguration section */
		A3B5493A21B21F72003DF20A /* Debug */ = {
			isa = XCBuildConfiguration;
			buildSettings = {
				ALWAYS_SEARCH_USER_PATHS = NO;
				CLANG_ANALYZER_NONNULL = YES;
				CLANG_ANALYZER_NUMBER_OBJECT_CONVERSION = YES_AGGRESSIVE;
				CLANG_CXX_LANGUAGE_STANDARD = "gnu++14";
				CLANG_CXX_LIBRARY = "libc++";
				CLANG_ENABLE_MODULES = YES;
				CLANG_ENABLE_OBJC_ARC = YES;
				CLANG_ENABLE_OBJC_WEAK = YES;
				CLANG_WARN_BLOCK_CAPTURE_AUTORELEASING = YES;
				CLANG_WARN_BOOL_CONVERSION = YES;
				CLANG_WARN_COMMA = YES;
				CLANG_WARN_CONSTANT_CONVERSION = YES;
				CLANG_WARN_DEPRECATED_OBJC_IMPLEMENTATIONS = YES;
				CLANG_WARN_DIRECT_OBJC_ISA_USAGE = YES_ERROR;
				CLANG_WARN_DOCUMENTATION_COMMENTS = YES;
				CLANG_WARN_EMPTY_BODY = YES;
				CLANG_WARN_ENUM_CONVERSION = YES;
				CLANG_WARN_INFINITE_RECURSION = YES;
				CLANG_WARN_INT_CONVERSION = YES;
				CLANG_WARN_NON_LITERAL_NULL_CONVERSION = YES;
				CLANG_WARN_OBJC_IMPLICIT_RETAIN_SELF = YES;
				CLANG_WARN_OBJC_LITERAL_CONVERSION = YES;
				CLANG_WARN_OBJC_ROOT_CLASS = YES_ERROR;
				CLANG_WARN_RANGE_LOOP_ANALYSIS = YES;
				CLANG_WARN_STRICT_PROTOTYPES = YES;
				CLANG_WARN_SUSPICIOUS_MOVE = YES;
				CLANG_WARN_UNGUARDED_AVAILABILITY = YES_AGGRESSIVE;
				CLANG_WARN_UNREACHABLE_CODE = YES;
				CLANG_WARN__DUPLICATE_METHOD_MATCH = YES;
				CODE_SIGN_IDENTITY = "iPhone Developer";
				COPY_PHASE_STRIP = NO;
				DEBUG_INFORMATION_FORMAT = dwarf;
				ENABLE_STRICT_OBJC_MSGSEND = YES;
				ENABLE_TESTABILITY = YES;
				GCC_C_LANGUAGE_STANDARD = gnu11;
				GCC_DYNAMIC_NO_PIC = NO;
				GCC_NO_COMMON_BLOCKS = YES;
				GCC_OPTIMIZATION_LEVEL = 0;
				GCC_PREPROCESSOR_DEFINITIONS = (
					"DEBUG=1",
					"$(inherited)",
				);
				GCC_WARN_64_TO_32_BIT_CONVERSION = YES;
				GCC_WARN_ABOUT_RETURN_TYPE = YES_ERROR;
				GCC_WARN_UNDECLARED_SELECTOR = YES;
				GCC_WARN_UNINITIALIZED_AUTOS = YES_AGGRESSIVE;
				GCC_WARN_UNUSED_FUNCTION = YES;
				GCC_WARN_UNUSED_VARIABLE = YES;
				IPHONEOS_DEPLOYMENT_TARGET = 12.1;
				MTL_ENABLE_DEBUG_INFO = INCLUDE_SOURCE;
				MTL_FAST_MATH = YES;
				ONLY_ACTIVE_ARCH = YES;
				SDKROOT = iphoneos;
			};
			name = Debug;
		};
		A3B5493B21B21F72003DF20A /* Release */ = {
			isa = XCBuildConfiguration;
			buildSettings = {
				ALWAYS_SEARCH_USER_PATHS = NO;
				CLANG_ANALYZER_NONNULL = YES;
				CLANG_ANALYZER_NUMBER_OBJECT_CONVERSION = YES_AGGRESSIVE;
				CLANG_CXX_LANGUAGE_STANDARD = "gnu++14";
				CLANG_CXX_LIBRARY = "libc++";
				CLANG_ENABLE_MODULES = YES;
				CLANG_ENABLE_OBJC_ARC = YES;
				CLANG_ENABLE_OBJC_WEAK = YES;
				CLANG_WARN_BLOCK_CAPTURE_AUTORELEASING = YES;
				CLANG_WARN_BOOL_CONVERSION = YES;
				CLANG_WARN_COMMA = YES;
				CLANG_WARN_CONSTANT_CONVERSION = YES;
				CLANG_WARN_DEPRECATED_OBJC_IMPLEMENTATIONS = YES;
				CLANG_WARN_DIRECT_OBJC_ISA_USAGE = YES_ERROR;
				CLANG_WARN_DOCUMENTATION_COMMENTS = YES;
				CLANG_WARN_EMPTY_BODY = YES;
				CLANG_WARN_ENUM_CONVERSION = YES;
				CLANG_WARN_INFINITE_RECURSION = YES;
				CLANG_WARN_INT_CONVERSION = YES;
				CLANG_WARN_NON_LITERAL_NULL_CONVERSION = YES;
				CLANG_WARN_OBJC_IMPLICIT_RETAIN_SELF = YES;
				CLANG_WARN_OBJC_LITERAL_CONVERSION = YES;
				CLANG_WARN_OBJC_ROOT_CLASS = YES_ERROR;
				CLANG_WARN_RANGE_LOOP_ANALYSIS = YES;
				CLANG_WARN_STRICT_PROTOTYPES = YES;
				CLANG_WARN_SUSPICIOUS_MOVE = YES;
				CLANG_WARN_UNGUARDED_AVAILABILITY = YES_AGGRESSIVE;
				CLANG_WARN_UNREACHABLE_CODE = YES;
				CLANG_WARN__DUPLICATE_METHOD_MATCH = YES;
				CODE_SIGN_IDENTITY = "iPhone Developer";
				COPY_PHASE_STRIP = NO;
				DEBUG_INFORMATION_FORMAT = "dwarf-with-dsym";
				ENABLE_NS_ASSERTIONS = NO;
				ENABLE_STRICT_OBJC_MSGSEND = YES;
				GCC_C_LANGUAGE_STANDARD = gnu11;
				GCC_NO_COMMON_BLOCKS = YES;
				GCC_WARN_64_TO_32_BIT_CONVERSION = YES;
				GCC_WARN_ABOUT_RETURN_TYPE = YES_ERROR;
				GCC_WARN_UNDECLARED_SELECTOR = YES;
				GCC_WARN_UNINITIALIZED_AUTOS = YES_AGGRESSIVE;
				GCC_WARN_UNUSED_FUNCTION = YES;
				GCC_WARN_UNUSED_VARIABLE = YES;
				IPHONEOS_DEPLOYMENT_TARGET = 12.1;
				MTL_ENABLE_DEBUG_INFO = NO;
				MTL_FAST_MATH = YES;
				SDKROOT = iphoneos;
				VALIDATE_PRODUCT = YES;
			};
			name = Release;
		};
		A3B5493D21B21F72003DF20A /* Debug */ = {
			isa = XCBuildConfiguration;
			baseConfigurationReference = 172036F7CF1452FB01B0F626 /* Pods-NaturaliSDKDemo.debug.xcconfig */;
			buildSettings = {
				ASSETCATALOG_COMPILER_APPICON_NAME = AppIcon;
				CODE_SIGN_STYLE = Automatic;
				DEVELOPMENT_TEAM = DF587KTT9C;
				INFOPLIST_FILE = NaturaliSDKDemo/Info.plist;
				LD_RUNPATH_SEARCH_PATHS = (
					"$(inherited)",
					"@executable_path/Frameworks",
				);
				PRODUCT_BUNDLE_IDENTIFIER = com.naturali.NaturaliSDKDemo;
				PRODUCT_NAME = "$(TARGET_NAME)";
				TARGETED_DEVICE_FAMILY = "1,2";
			};
			name = Debug;
		};
		A3B5493E21B21F72003DF20A /* Release */ = {
			isa = XCBuildConfiguration;
			baseConfigurationReference = 235F5DF341159DA12DE5A73B /* Pods-NaturaliSDKDemo.release.xcconfig */;
			buildSettings = {
				ASSETCATALOG_COMPILER_APPICON_NAME = AppIcon;
				CODE_SIGN_STYLE = Automatic;
				DEVELOPMENT_TEAM = DF587KTT9C;
				INFOPLIST_FILE = NaturaliSDKDemo/Info.plist;
				LD_RUNPATH_SEARCH_PATHS = (
					"$(inherited)",
					"@executable_path/Frameworks",
				);
				PRODUCT_BUNDLE_IDENTIFIER = com.naturali.NaturaliSDKDemo;
				PRODUCT_NAME = "$(TARGET_NAME)";
				TARGETED_DEVICE_FAMILY = "1,2";
			};
			name = Release;
		};
/* End XCBuildConfiguration section */

/* Begin XCConfigurationList section */
		A3B5492121B21F71003DF20A /* Build configuration list for PBXProject "NaturaliSDKDemo" */ = {
			isa = XCConfigurationList;
			buildConfigurations = (
				A3B5493A21B21F72003DF20A /* Debug */,
				A3B5493B21B21F72003DF20A /* Release */,
			);
			defaultConfigurationIsVisible = 0;
			defaultConfigurationName = Release;
		};
		A3B5493C21B21F72003DF20A /* Build configuration list for PBXNativeTarget "NaturaliSDKDemo" */ = {
			isa = XCConfigurationList;
			buildConfigurations = (
				A3B5493D21B21F72003DF20A /* Debug */,
				A3B5493E21B21F72003DF20A /* Release */,
			);
			defaultConfigurationIsVisible = 0;
			defaultConfigurationName = Release;
		};
/* End XCConfigurationList section */
	};
	rootObject = A3B5491E21B21F71003DF20A /* Project object */;
}
